
Microsoft Visual Studio Solution File, Format Version 12.00
# Visual Studio Version 17
VisualStudioVersion = 17.0.31903.59
MinimumVisualStudioVersion = 10.0.40219.1
Project("{FAE04EC0-301F-11D3-BF4B-00C04F79EFBC}") = "Covrage.DependencyInjection", "Covrage.DependencyInjection\Covrage.DependencyInjection.csproj", "{CF60DE35-0E6A-425A-9AC3-AC9DCDE6FF6B}"
EndProject
Project("{FAE04EC0-301F-11D3-BF4B-00C04F79EFBC}") = "Covrage", "Covrage\Covrage.csproj", "{05B7B7C0-E3D8-4115-AC6D-6508D4BCC327}"
EndProject
Project("{FAE04EC0-301F-11D3-BF4B-00C04F79EFBC}") = "Example.API", "Example.API\Example.API.csproj", "{32B37E8F-FF9F-6A29-B8BA-C33974B177E7}"
EndProject
Project("{FAE04EC0-301F-11D3-BF4B-00C04F79EFBC}") = "covrage.AppHost", "covrage.AppHost\covrage.AppHost.csproj", "{1731A63A-A70C-4D6A-9A52-834DB2907FAA}"
EndProject
Project("{FAE04EC0-301F-11D3-BF4B-00C04F79EFBC}") = "covrage.ServiceDefaults", "covrage.ServiceDefaults\covrage.ServiceDefaults.csproj", "{AA71C7BD-0F55-969E-6A7E-763B81C008B1}"
EndProject
Global
	GlobalSection(SolutionConfigurationPlatforms) = preSolution
		Debug|Any CPU = Debug|Any CPU
		Release|Any CPU = Release|Any CPU
	EndGlobalSection
	GlobalSection(ProjectConfigurationPlatforms) = postSolution
		{CF60DE35-0E6A-425A-9AC3-AC9DCDE6FF6B}.Debug|Any CPU.ActiveCfg = Debug|Any CPU
		{CF60DE35-0E6A-425A-9AC3-AC9DCDE6FF6B}.Debug|Any CPU.Build.0 = Debug|Any CPU
		{CF60DE35-0E6A-425A-9AC3-AC9DCDE6FF6B}.Release|Any CPU.ActiveCfg = Release|Any CPU
		{CF60DE35-0E6A-425A-9AC3-AC9DCDE6FF6B}.Release|Any CPU.Build.0 = Release|Any CPU
		{05B7B7C0-E3D8-4115-AC6D-6508D4BCC327}.Debug|Any CPU.ActiveCfg = Debug|Any CPU
		{05B7B7C0-E3D8-4115-AC6D-6508D4BCC327}.Debug|Any CPU.Build.0 = Debug|Any CPU
		{05B7B7C0-E3D8-4115-AC6D-6508D4BCC327}.Release|Any CPU.ActiveCfg = Release|Any CPU
		{05B7B7C0-E3D8-4115-AC6D-6508D4BCC327}.Release|Any CPU.Build.0 = Release|Any CPU
		{32B37E8F-FF9F-6A29-B8BA-C33974B177E7}.Debug|Any CPU.ActiveCfg = Debug|Any CPU
		{32B37E8F-FF9F-6A29-B8BA-C33974B177E7}.Debug|Any CPU.Build.0 = Debug|Any CPU
		{32B37E8F-FF9F-6A29-B8BA-C33974B177E7}.Release|Any CPU.ActiveCfg = Release|Any CPU
		{32B37E8F-FF9F-6A29-B8BA-C33974B177E7}.Release|Any CPU.Build.0 = Release|Any CPU
		{1731A63A-A70C-4D6A-9A52-834DB2907FAA}.Debug|Any CPU.ActiveCfg = Debug|Any CPU
		{1731A63A-A70C-4D6A-9A52-834DB2907FAA}.Debug|Any CPU.Build.0 = Debug|Any CPU
		{1731A63A-A70C-4D6A-9A52-834DB2907FAA}.Release|Any CPU.ActiveCfg = Release|Any CPU
		{1731A63A-A70C-4D6A-9A52-834DB2907FAA}.Release|Any CPU.Build.0 = Release|Any CPU
		{AA71C7BD-0F55-969E-6A7E-763B81C008B1}.Debug|Any CPU.ActiveCfg = Debug|Any CPU
		{AA71C7BD-0F55-969E-6A7E-763B81C008B1}.Debug|Any CPU.Build.0 = Debug|Any CPU
		{AA71C7BD-0F55-969E-6A7E-763B81C008B1}.Release|Any CPU.ActiveCfg = Release|Any CPU
		{AA71C7BD-0F55-969E-6A7E-763B81C008B1}.Release|Any CPU.Build.0 = Release|Any CPU
	EndGlobalSection
	GlobalSection(SolutionProperties) = preSolution
		HideSolutionNode = FALSE
	EndGlobalSection
	GlobalSection(ExtensibilityGlobals) = postSolution
		SolutionGuid = {6EBCAF1C-E3DA-4009-B953-858E40980D8E}
	EndGlobalSection
EndGlobal
